{
  "name": "missing-angular-deps",
  "version": "0.0.0",
  "lockfileVersion": 3,
  "requires": true,
  "packages": {
    "": {
      "name": "missing-angular-deps",
      "version": "0.0.0",
      "dependencies": {
        "@netlify/angular-runtime": "file:../../../"
      }
    },
    "../../..": {
      "name": "@netlify/angular-runtime",
      "version": "2.1.1",
      "license": "MIT",
      "dependencies": {
        "fs-extra": "^11.1.1",
        "semver": "^7.5.4"
      },
      "devDependencies": {
        "@netlify/build": "^29.28.2",
        "@netlify/eslint-config-node": "^7.0.1",
        "@types/node": "^16.3.1",
        "eslint-plugin-unicorn": "^49.0.0",
        "husky": "^4.3.0",
        "netlify-cli": "^17.23.8",
        "npm-run-all2": "^6.0.0",
        "prettier": "^2.1.2"
      },
      "engines": {
        "node": ">=18.13.0"
      }
    },
    "node_modules/@netlify/angular-runtime": {
      "resolved": "../../..",
      "link": true
    }
  }
}
